
Microsoft Visual Studio Solution File, Format Version 12.00
# Visual Studio 2012
Project("{8BC9CEB8-8B4A-11D0-8D11-00A0C91BC942}") = "ViconUBXGPS", "ViconUBXGPS\ViconUBXGPS.vcxproj", "{BA3762A4-F1B8-46F7-A462-1F59A10262C5}"
EndProject
Global
	GlobalSection(SolutionConfigurationPlatforms) = preSolution
		Debug|Win32 = Debug|Win32
		Release|Win32 = Release|Win32
	EndGlobalSection
	GlobalSection(ProjectConfigurationPlatforms) = postSolution
		{BA3762A4-F1B8-46F7-A462-1F59A10262C5}.Debug|Win32.ActiveCfg = Debug|Win32
		{BA3762A4-F1B8-46F7-A462-1F59A10262C5}.Debug|Win32.Build.0 = Debug|Win32
		{BA3762A4-F1B8-46F7-A462-1F59A10262C5}.Release|Win32.ActiveCfg = Release|Win32
		{BA3762A4-F1B8-46F7-A462-1F59A10262C5}.Release|Win32.Build.0 = Release|Win32
	EndGlobalSection
	GlobalSection(SolutionProperties) = preSolution
		HideSolutionNode = FALSE
	EndGlobalSection
EndGlobal
